github.com/zetxek/adritian-free-hugo-theme v1.4.27-0.20250120122236-25d7837ed4e8 h1:dr/Qq+F6w3WG6dPiB6sOil8JNdaN40dACc9s/xE/4kk=
github.com/zetxek/adritian-free-hugo-theme v1.4.27-0.20250120122236-25d7837ed4e8/go.mod h1:RZxMuUPx+AJwqABiHDQWSVEskypgZCqZ0MwOgCvA6o0=
github.com/zetxek/adritian-free-hugo-theme v1.4.27-0.20250120151413-3d0e9bf157ad h1:39pNN+4wQ6AOrzHacTr78wvaQI3Ms6A0JQtERCv5H3I=
github.com/zetxek/adritian-free-hugo-theme v1.4.27-0.20250120151413-3d0e9bf157ad/go.mod h1:rBaUp2A0XzOQn/DReVVdDnbIjA/kaigo1xBHdLAvx8w=
